
Microsoft Visual Studio Solution File, Format Version 12.00
# Visual Studio 15
Project("{FAE04EC0-301F-11D3-BF4B-00C04F79EFBC}") = "Assembly-CSharp", "Assembly-CSharp.csproj", "{3BD63E6D-1CD7-27A2-ED85-10824F18FD28}"
EndProject
Project("{FAE04EC0-301F-11D3-BF4B-00C04F79EFBC}") = "Assembly-CSharp-Editor", "Assembly-CSharp-Editor.csproj", "{9039A790-C3B9-ADF1-5290-A543E411BAC6}"
EndProject
Global
	GlobalSection(SolutionConfigurationPlatforms) = preSolution
		Debug|Any CPU = Debug|Any CPU
		Release|Any CPU = Release|Any CPU
	EndGlobalSection
	GlobalSection(ProjectConfigurationPlatforms) = postSolution
		{3BD63E6D-1CD7-27A2-ED85-10824F18FD28}.Debug|Any CPU.ActiveCfg = Debug|Any CPU
		{3BD63E6D-1CD7-27A2-ED85-10824F18FD28}.Debug|Any CPU.Build.0 = Debug|Any CPU
		{3BD63E6D-1CD7-27A2-ED85-10824F18FD28}.Release|Any CPU.ActiveCfg = Release|Any CPU
		{3BD63E6D-1CD7-27A2-ED85-10824F18FD28}.Release|Any CPU.Build.0 = Release|Any CPU
		{9039A790-C3B9-ADF1-5290-A543E411BAC6}.Debug|Any CPU.ActiveCfg = Debug|Any CPU
		{9039A790-C3B9-ADF1-5290-A543E411BAC6}.Debug|Any CPU.Build.0 = Debug|Any CPU
		{9039A790-C3B9-ADF1-5290-A543E411BAC6}.Release|Any CPU.ActiveCfg = Release|Any CPU
		{9039A790-C3B9-ADF1-5290-A543E411BAC6}.Release|Any CPU.Build.0 = Release|Any CPU
	EndGlobalSection
	GlobalSection(SolutionProperties) = preSolution
		HideSolutionNode = FALSE
	EndGlobalSection
EndGlobal
